// !$*UTF8*$!
{
	archiveVersion = 1;
	classes = {
	};
	objectVersion = 46;
	objects = {

/* Begin PBXBuildFile section */
		38EF92401F6DC932009095C0 /* AppDelegate.swift in Sources */ = {isa = PBXBuildFile; fileRef = 38EF923F1F6DC932009095C0 /* AppDelegate.swift */; };
		38EF92421F6DC932009095C0 /* ViewController.swift in Sources */ = {isa = PBXBuildFile; fileRef = 38EF92411F6DC932009095C0 /* ViewController.swift */; };
		38EF92451F6DC932009095C0 /* Main.storyboard in Resources */ = {isa = PBXBuildFile; fileRef = 38EF92431F6DC932009095C0 /* Main.storyboard */; };
		38EF92471F6DC932009095C0 /* Assets.xcassets in Resources */ = {isa = PBXBuildFile; fileRef = 38EF92461F6DC932009095C0 /* Assets.xcassets */; };
		38EF924A1F6DC932009095C0 /* LaunchScreen.storyboard in Resources */ = {isa = PBXBuildFile; fileRef = 38EF92481F6DC932009095C0 /* LaunchScreen.storyboard */; };
/* End PBXBuildFile section */

/* Begin PBXFileReference section */
		38128F32200BED75000735A0 /* NFCReading.entitlements */ = {isa = PBXFileReference; lastKnownFileType = text.plist.entitlements; path = NFCReading.entitlements; sourceTree = "<group>"; };
		38EF923C1F6DC932009095C0 /* NFCReading.app */ = {isa = PBXFileReference; explicitFileType = wrapper.application; includeInIndex = 0; path = NFCReading.app; sourceTree = BUILT_PRODUCTS_DIR; };
		38EF923F1F6DC932009095C0 /* AppDelegate.swift */ = {isa = PBXFileReference; lastKnownFileType = sourcecode.swift; path = AppDelegate.swift; sourceTree = "<group>"; };
		38EF92411F6DC932009095C0 /* ViewController.swift */ = {isa = PBXFileReference; lastKnownFileType = sourcecode.swift; path = ViewController.swift; sourceTree = "<group>"; };
		38EF92441F6DC932009095C0 /* Base */ = {isa = PBXFileReference; lastKnownFileType = file.storyboard; name = Base; path = Base.lproj/Main.storyboard; sourceTree = "<group>"; };
		38EF92461F6DC932009095C0 /* Assets.xcassets */ = {isa = PBXFileReference; lastKnownFileType = folder.assetcatalog; path = Assets.xcassets; sourceTree = "<group>"; };
		38EF92491F6DC932009095C0 /* Base */ = {isa = PBXFileReference; lastKnownFileType = file.storyboard; name = Base; path = Base.lproj/LaunchScreen.storyboard; sourceTree = "<group>"; };
		38EF924B1F6DC932009095C0 /* Info.plist */ = {isa = PBXFileReference; lastKnownFileType = text.plist.xml; path = Info.plist; sourceTree = "<group>"; };
/* End PBXFileReference section */

/* Begin PBXFrameworksBuildPhase section */
		38EF92391F6DC932009095C0 /* Frameworks */ = {
			isa = PBXFrameworksBuildPhase;
			buildActionMask = 2147483647;
			files = (
			);
			runOnlyForDeploymentPostprocessing = 0;
		};
/* End PBXFrameworksBuildPhase section */

/* Begin PBXGroup section */
		38EF92331F6DC932009095C0 = {
			isa = PBXGroup;
			children = (
				38EF923E1F6DC932009095C0 /* NFCReading */,
				38EF923D1F6DC932009095C0 /* Products */,
			);
			sourceTree = "<group>";
		};
		38EF923D1F6DC932009095C0 /* Products */ = {
			isa = PBXGroup;
			children = (
				38EF923C1F6DC932009095C0 /* NFCReading.app */,
			);
			name = Products;
			sourceTree = "<group>";
		};
		38EF923E1F6DC932009095C0 /* NFCReading */ = {
			isa = PBXGroup;
			children = (
				38128F32200BED75000735A0 /* NFCReading.entitlements */,
				38EF923F1F6DC932009095C0 /* AppDelegate.swift */,
				38EF92411F6DC932009095C0 /* ViewController.swift */,
				38EF92431F6DC932009095C0 /* Main.storyboard */,
				38EF92461F6DC932009095C0 /* Assets.xcassets */,
				38EF92481F6DC932009095C0 /* LaunchScreen.storyboard */,
				38EF924B1F6DC932009095C0 /* Info.plist */,
			);
			path = NFCReading;
			sourceTree = "<group>";
		};
/* End PBXGroup section */

/* Begin PBXNativeTarget section */
		38EF923B1F6DC932009095C0 /* NFCReading */ = {
			isa = PBXNativeTarget;
			buildConfigurationList = 38EF924E1F6DC932009095C0 /* Build configuration list for PBXNativeTarget "NFCReading" */;
			buildPhases = (
				38EF92381F6DC932009095C0 /* Sources */,
				38EF92391F6DC932009095C0 /* Frameworks */,
				38EF923A1F6DC932009095C0 /* Resources */,
			);
			buildRules = (
			);
			dependencies = (
			);
			name = NFCReading;
			productName = NFCReading;
			productReference = 38EF923C1F6DC932009095C0 /* NFCReading.app */;
			productType = "com.apple.product-type.application";
		};
/* End PBXNativeTarget section */

/* Begin PBXProject section */
		38EF92341F6DC932009095C0 /* Project object */ = {
			isa = PBXProject;
			attributes = {
				LastSwiftUpdateCheck = 0830;
				LastUpgradeCheck = 0830;
				ORGANIZATIONNAME = "Detroit Labs LLC";
				TargetAttributes = {
					38EF923B1F6DC932009095C0 = {
						CreatedOnToolsVersion = 8.3.3;
						DevelopmentTeam = 6ZX8Q22G36;
						ProvisioningStyle = Manual;
						SystemCapabilities = {
							com.apple.NearFieldCommunicationTagReading = {
								enabled = 1;
							};
						};
					};
				};
			};
			buildConfigurationList = 38EF92371F6DC932009095C0 /* Build configuration list for PBXProject "NFCReading" */;
			compatibilityVersion = "Xcode 3.2";
			developmentRegion = English;
			hasScannedForEncodings = 0;
			knownRegions = (
				en,
				Base,
			);
			mainGroup = 38EF92331F6DC932009095C0;
			productRefGroup = 38EF923D1F6DC932009095C0 /* Products */;
			projectDirPath = "";
			projectRoot = "";
			targets = (
				38EF923B1F6DC932009095C0 /* NFCReading */,
			);
		};
/* End PBXProject section */

/* Begin PBXResourcesBuildPhase section */
		38EF923A1F6DC932009095C0 /* Resources */ = {
			isa = PBXResourcesBuildPhase;
			buildActionMask = 2147483647;
			files = (
				38EF924A1F6DC932009095C0 /* LaunchScreen.storyboard in Resources */,
				38EF92471F6DC932009095C0 /* Assets.xcassets in Resources */,
				38EF92451F6DC932009095C0 /* Main.storyboard in Resources */,
			);
			runOnlyForDeploymentPostprocessing = 0;
		};
/* End PBXResourcesBuildPhase section */

/* Begin PBXSourcesBuildPhase section */
		38EF92381F6DC932009095C0 /* Sources */ = {
			isa = PBXSourcesBuildPhase;
			buildActionMask = 2147483647;
			files = (
				38EF92421F6DC932009095C0 /* ViewController.swift in Sources */,
				38EF92401F6DC932009095C0 /* AppDelegate.swift in Sources */,
			);
			runOnlyForDeploymentPostprocessing = 0;
		};
/* End PBXSourcesBuildPhase section */

/* Begin PBXVariantGroup section */
		38EF92431F6DC932009095C0 /* Main.storyboard */ = {
			isa = PBXVariantGroup;
			children = (
				38EF92441F6DC932009095C0 /* Base */,
			);
			name = Main.storyboard;
			sourceTree = "<group>";
		};
		38EF92481F6DC932009095C0 /* LaunchScreen.storyboard */ = {
			isa = PBXVariantGroup;
			children = (
				38EF92491F6DC932009095C0 /* Base */,
			);
			name = LaunchScreen.storyboard;
			sourceTree = "<group>";
		};
/* End PBXVariantGroup section */

/* Begin XCBuildConfiguration section */
		38EF924C1F6DC932009095C0 /* Debug */ = {
			isa = XCBuildConfiguration;
			buildSettings = {
				ALWAYS_SEARCH_USER_PATHS = NO;
				CLANG_ANALYZER_NONNULL = YES;
				CLANG_ANALYZER_NUMBER_OBJECT_CONVERSION = YES_AGGRESSIVE;
				CLANG_CXX_LANGUAGE_STANDARD = "gnu++0x";
				CLANG_CXX_LIBRARY = "libc++";
				CLANG_ENABLE_MODULES = YES;
				CLANG_ENABLE_OBJC_ARC = YES;
				CLANG_WARN_BOOL_CONVERSION = YES;
				CLANG_WARN_CONSTANT_CONVERSION = YES;
				CLANG_WARN_DIRECT_OBJC_ISA_USAGE = YES_ERROR;
				CLANG_WARN_DOCUMENTATION_COMMENTS = YES;
				CLANG_WARN_EMPTY_BODY = YES;
				CLANG_WARN_ENUM_CONVERSION = YES;
				CLANG_WARN_INFINITE_RECURSION = YES;
				CLANG_WARN_INT_CONVERSION = YES;
				CLANG_WARN_OBJC_ROOT_CLASS = YES_ERROR;
				CLANG_WARN_SUSPICIOUS_MOVE = YES;
				CLANG_WARN_UNREACHABLE_CODE = YES;
				CLANG_WARN__DUPLICATE_METHOD_MATCH = YES;
				"CODE_SIGN_IDENTITY[sdk=iphoneos*]" = "iPhone Developer";
				COPY_PHASE_STRIP = NO;
				DEBUG_INFORMATION_FORMAT = dwarf;
				ENABLE_STRICT_OBJC_MSGSEND = YES;
				ENABLE_TESTABILITY = YES;
				GCC_C_LANGUAGE_STANDARD = gnu99;
				GCC_DYNAMIC_NO_PIC = NO;
				GCC_NO_COMMON_BLOCKS = YES;
				GCC_OPTIMIZATION_LEVEL = 0;
				GCC_PREPROCESSOR_DEFINITIONS = (
					"DEBUG=1",
					"$(inherited)",
				);
				GCC_WARN_64_TO_32_BIT_CONVERSION = YES;
				GCC_WARN_ABOUT_RETURN_TYPE = YES_ERROR;
				GCC_WARN_UNDECLARED_SELECTOR = YES;
				GCC_WARN_UNINITIALIZED_AUTOS = YES_AGGRESSIVE;
				GCC_WARN_UNUSED_FUNCTION = YES;
				GCC_WARN_UNUSED_VARIABLE = YES;
				IPHONEOS_DEPLOYMENT_TARGET = 10.3;
				MTL_ENABLE_DEBUG_INFO = YES;
				ONLY_ACTIVE_ARCH = YES;
				SDKROOT = iphoneos;
				SWIFT_ACTIVE_COMPILATION_CONDITIONS = DEBUG;
				SWIFT_OPTIMIZATION_LEVEL = "-Onone";
				TARGETED_DEVICE_FAMILY = "1,2";
			};
			name = Debug;
		};
		38EF924D1F6DC932009095C0 /* Release */ = {
			isa = XCBuildConfiguration;
			buildSettings = {
				ALWAYS_SEARCH_USER_PATHS = NO;
				CLANG_ANALYZER_NONNULL = YES;
				CLANG_ANALYZER_NUMBER_OBJECT_CONVERSION = YES_AGGRESSIVE;
				CLANG_CXX_LANGUAGE_STANDARD = "gnu++0x";
				CLANG_CXX_LIBRARY = "libc++";
				CLANG_ENABLE_MODULES = YES;
				CLANG_ENABLE_OBJC_ARC = YES;
				CLANG_WARN_BOOL_CONVERSION = YES;
				CLANG_WARN_CONSTANT_CONVERSION = YES;
				CLANG_WARN_DIRECT_OBJC_ISA_USAGE = YES_ERROR;
				CLANG_WARN_DOCUMENTATION_COMMENTS = YES;
				CLANG_WARN_EMPTY_BODY = YES;
				CLANG_WARN_ENUM_CONVERSION = YES;
				CLANG_WARN_INFINITE_RECURSION = YES;
				CLANG_WARN_INT_CONVERSION = YES;
				CLANG_WARN_OBJC_ROOT_CLASS = YES_ERROR;
				CLANG_WARN_SUSPICIOUS_MOVE = YES;
				CLANG_WARN_UNREACHABLE_CODE = YES;
				CLANG_WARN__DUPLICATE_METHOD_MATCH = YES;
				"CODE_SIGN_IDENTITY[sdk=iphoneos*]" = "iPhone Developer";
				COPY_PHASE_STRIP = NO;
				DEBUG_INFORMATION_FORMAT = "dwarf-with-dsym";
				ENABLE_NS_ASSERTIONS = NO;
				ENABLE_STRICT_OBJC_MSGSEND = YES;
				GCC_C_LANGUAGE_STANDARD = gnu99;
				GCC_NO_COMMON_BLOCKS = YES;
				GCC_WARN_64_TO_32_BIT_CONVERSION = YES;
				GCC_WARN_ABOUT_RETURN_TYPE = YES_ERROR;
				GCC_WARN_UNDECLARED_SELECTOR = YES;
				GCC_WARN_UNINITIALIZED_AUTOS = YES_AGGRESSIVE;
				GCC_WARN_UNUSED_FUNCTION = YES;
				GCC_WARN_UNUSED_VARIABLE = YES;
				IPHONEOS_DEPLOYMENT_TARGET = 10.3;
				MTL_ENABLE_DEBUG_INFO = NO;
				SDKROOT = iphoneos;
				SWIFT_OPTIMIZATION_LEVEL = "-Owholemodule";
				TARGETED_DEVICE_FAMILY = "1,2";
				VALIDATE_PRODUCT = YES;
			};
			name = Release;
		};
		38EF924F1F6DC932009095C0 /* Debug */ = {
			isa = XCBuildConfiguration;
			buildSettings = {
				ASSETCATALOG_COMPILER_APPICON_NAME = AppIcon;
				CODE_SIGN_ENTITLEMENTS = NFCReading/NFCReading.entitlements;
				"CODE_SIGN_IDENTITY[sdk=iphoneos*]" = "iPhone Developer";
				CODE_SIGN_STYLE = Manual;
				DEVELOPMENT_TEAM = 6ZX8Q22G36;
				INFOPLIST_FILE = NFCReading/Info.plist;
				LD_RUNPATH_SEARCH_PATHS = "$(inherited) @executable_path/Frameworks";
				PRODUCT_BUNDLE_IDENTIFIER = com.tolkiana.nfcreading;
				PRODUCT_NAME = "$(TARGET_NAME)";
				PROVISIONING_PROFILE = "6d615de8-29ff-4c90-b582-25007a9af5d3";
				PROVISIONING_PROFILE_SPECIFIER = "NFC Readering Profile";
				SWIFT_VERSION = 3.0;
			};
			name = Debug;
		};
		38EF92501F6DC932009095C0 /* Release */ = {
			isa = XCBuildConfiguration;
			buildSettings = {
				ASSETCATALOG_COMPILER_APPICON_NAME = AppIcon;
				CODE_SIGN_ENTITLEMENTS = NFCReading/NFCReading.entitlements;
				"CODE_SIGN_IDENTITY[sdk=iphoneos*]" = "iPhone Developer";
				CODE_SIGN_STYLE = Manual;
				DEVELOPMENT_TEAM = 6ZX8Q22G36;
				INFOPLIST_FILE = NFCReading/Info.plist;
				LD_RUNPATH_SEARCH_PATHS = "$(inherited) @executable_path/Frameworks";
				PRODUCT_BUNDLE_IDENTIFIER = com.tolkiana.nfcreading;
				PRODUCT_NAME = "$(TARGET_NAME)";
				PROVISIONING_PROFILE = "6d615de8-29ff-4c90-b582-25007a9af5d3";
				PROVISIONING_PROFILE_SPECIFIER = "NFC Readering Profile";
				SWIFT_VERSION = 3.0;
			};
			name = Release;
		};
/* End XCBuildConfiguration section */

/* Begin XCConfigurationList section */
		38EF92371F6DC932009095C0 /* Build configuration list for PBXProject "NFCReading" */ = {
			isa = XCConfigurationList;
			buildConfigurations = (
				38EF924C1F6DC932009095C0 /* Debug */,
				38EF924D1F6DC932009095C0 /* Release */,
			);
			defaultConfigurationIsVisible = 0;
			defaultConfigurationName = Release;
		};
		38EF924E1F6DC932009095C0 /* Build configuration list for PBXNativeTarget "NFCReading" */ = {
			isa = XCConfigurationList;
			buildConfigurations = (
				38EF924F1F6DC932009095C0 /* Debug */,
				38EF92501F6DC932009095C0 /* Release */,
			);
			defaultConfigurationIsVisible = 0;
			defaultConfigurationName = Release;
		};
/* End XCConfigurationList section */
	};
	rootObject = 38EF92341F6DC932009095C0 /* Project object */;
}
